
Microsoft Visual Studio Solution File, Format Version 12.00
# Visual Studio Version 17
VisualStudioVersion = 17.7.34221.43
MinimumVisualStudioVersion = 10.0.40219.1
Project("{FAE04EC0-301F-11D3-BF4B-00C04F79EFBC}") = "TodoListApi", "TodoListApi\TodoListApi.csproj", "{F0AA998D-5E94-48A4-BF88-269C87979ED6}"
EndProject
Global
	GlobalSection(SolutionConfigurationPlatforms) = preSolution
		Debug|Any CPU = Debug|Any CPU
		Release|Any CPU = Release|Any CPU
	EndGlobalSection
	GlobalSection(ProjectConfigurationPlatforms) = postSolution
		{F0AA998D-5E94-48A4-BF88-269C87979ED6}.Debug|Any CPU.ActiveCfg = Debug|Any CPU
		{F0AA998D-5E94-48A4-BF88-269C87979ED6}.Debug|Any CPU.Build.0 = Debug|Any CPU
		{F0AA998D-5E94-48A4-BF88-269C87979ED6}.Release|Any CPU.ActiveCfg = Release|Any CPU
		{F0AA998D-5E94-48A4-BF88-269C87979ED6}.Release|Any CPU.Build.0 = Release|Any CPU
	EndGlobalSection
	GlobalSection(SolutionProperties) = preSolution
		HideSolutionNode = FALSE
	EndGlobalSection
	GlobalSection(ExtensibilityGlobals) = postSolution
		SolutionGuid = {A0BFEC79-5FF7-4D07-8F70-B5C2D368E4B7}
	EndGlobalSection
EndGlobal
